{
  "object": {
    "pins": [
      {
        "package": "CrdtMapSwift",
        "repositoryURL": "https://github.com/hesselbom/CrdtMapSwift",
        "state": {
          "branch": null,
          "revision": "a478671ebe6d5a5bf75d37b37810d43e0b7fcb43",
          "version": "0.9.3"
        }
      }
    ]
  },
  "version": 1
}
