{
  "object": {
    "pins": [
      {
        "package": "CrdtMapSwift",
        "repositoryURL": "https://github.com/hesselbom/CrdtMapSwift",
        "state": {
          "branch": null,
          "revision": "9ccbd9bd313d37087c49078cab4dafc004f3bbdc",
          "version": "0.9.2"
        }
      }
    ]
  },
  "version": 1
}
